// !$*UTF8*$!
{
	archiveVersion = 1;
	classes = {
	};
	objectVersion = 48;
	objects = {

/* Begin PBXBuildFile section */
		A9FA109D206097E600AEB68F /* AppDelegate.swift in Sources */ = {isa = PBXBuildFile; fileRef = A9FA109C206097E600AEB68F /* AppDelegate.swift */; };
		A9FA109F206097E600AEB68F /* ViewController.swift in Sources */ = {isa = PBXBuildFile; fileRef = A9FA109E206097E600AEB68F /* ViewController.swift */; };
		A9FA10A2206097E600AEB68F /* Main.storyboard in Resources */ = {isa = PBXBuildFile; fileRef = A9FA10A0206097E600AEB68F /* Main.storyboard */; };
		A9FA10A4206097E600AEB68F /* Assets.xcassets in Resources */ = {isa = PBXBuildFile; fileRef = A9FA10A3206097E600AEB68F /* Assets.xcassets */; };
		A9FA10A7206097E600AEB68F /* LaunchScreen.storyboard in Resources */ = {isa = PBXBuildFile; fileRef = A9FA10A5206097E600AEB68F /* LaunchScreen.storyboard */; };
		A9FA10B02060980C00AEB68F /* WebKit.framework in Frameworks */ = {isa = PBXBuildFile; fileRef = A9FA10AF2060980C00AEB68F /* WebKit.framework */; };
/* End PBXBuildFile section */

/* Begin PBXFileReference section */
		A9FA1099206097E600AEB68F /* SixthProject.app */ = {isa = PBXFileReference; explicitFileType = wrapper.application; includeInIndex = 0; path = SixthProject.app; sourceTree = BUILT_PRODUCTS_DIR; };
		A9FA109C206097E600AEB68F /* AppDelegate.swift */ = {isa = PBXFileReference; lastKnownFileType = sourcecode.swift; path = AppDelegate.swift; sourceTree = "<group>"; };
		A9FA109E206097E600AEB68F /* ViewController.swift */ = {isa = PBXFileReference; lastKnownFileType = sourcecode.swift; path = ViewController.swift; sourceTree = "<group>"; };
		A9FA10A1206097E600AEB68F /* Base */ = {isa = PBXFileReference; lastKnownFileType = file.storyboard; name = Base; path = Base.lproj/Main.storyboard; sourceTree = "<group>"; };
		A9FA10A3206097E600AEB68F /* Assets.xcassets */ = {isa = PBXFileReference; lastKnownFileType = folder.assetcatalog; path = Assets.xcassets; sourceTree = "<group>"; };
		A9FA10A6206097E600AEB68F /* Base */ = {isa = PBXFileReference; lastKnownFileType = file.storyboard; name = Base; path = Base.lproj/LaunchScreen.storyboard; sourceTree = "<group>"; };
		A9FA10A8206097E600AEB68F /* Info.plist */ = {isa = PBXFileReference; lastKnownFileType = text.plist.xml; path = Info.plist; sourceTree = "<group>"; };
		A9FA10AF2060980C00AEB68F /* WebKit.framework */ = {isa = PBXFileReference; lastKnownFileType = wrapper.framework; name = WebKit.framework; path = System/Library/Frameworks/WebKit.framework; sourceTree = SDKROOT; };
/* End PBXFileReference section */

/* Begin PBXFrameworksBuildPhase section */
		A9FA1096206097E600AEB68F /* Frameworks */ = {
			isa = PBXFrameworksBuildPhase;
			buildActionMask = 2147483647;
			files = (
				A9FA10B02060980C00AEB68F /* WebKit.framework in Frameworks */,
			);
			runOnlyForDeploymentPostprocessing = 0;
		};
/* End PBXFrameworksBuildPhase section */

/* Begin PBXGroup section */
		A9FA1090206097E600AEB68F = {
			isa = PBXGroup;
			children = (
				A9FA109B206097E600AEB68F /* SixthProject */,
				A9FA109A206097E600AEB68F /* Products */,
				A9FA10AE2060980C00AEB68F /* Frameworks */,
			);
			sourceTree = "<group>";
		};
		A9FA109A206097E600AEB68F /* Products */ = {
			isa = PBXGroup;
			children = (
				A9FA1099206097E600AEB68F /* SixthProject.app */,
			);
			name = Products;
			sourceTree = "<group>";
		};
		A9FA109B206097E600AEB68F /* SixthProject */ = {
			isa = PBXGroup;
			children = (
				A9FA109C206097E600AEB68F /* AppDelegate.swift */,
				A9FA109E206097E600AEB68F /* ViewController.swift */,
				A9FA10A0206097E600AEB68F /* Main.storyboard */,
				A9FA10A3206097E600AEB68F /* Assets.xcassets */,
				A9FA10A5206097E600AEB68F /* LaunchScreen.storyboard */,
				A9FA10A8206097E600AEB68F /* Info.plist */,
			);
			path = SixthProject;
			sourceTree = "<group>";
		};
		A9FA10AE2060980C00AEB68F /* Frameworks */ = {
			isa = PBXGroup;
			children = (
				A9FA10AF2060980C00AEB68F /* WebKit.framework */,
			);
			name = Frameworks;
			sourceTree = "<group>";
		};
/* End PBXGroup section */

/* Begin PBXNativeTarget section */
		A9FA1098206097E600AEB68F /* SixthProject */ = {
			isa = PBXNativeTarget;
			buildConfigurationList = A9FA10AB206097E600AEB68F /* Build configuration list for PBXNativeTarget "SixthProject" */;
			buildPhases = (
				A9FA1095206097E600AEB68F /* Sources */,
				A9FA1096206097E600AEB68F /* Frameworks */,
				A9FA1097206097E600AEB68F /* Resources */,
			);
			buildRules = (
			);
			dependencies = (
			);
			name = SixthProject;
			productName = SixthProject;
			productReference = A9FA1099206097E600AEB68F /* SixthProject.app */;
			productType = "com.apple.product-type.application";
		};
/* End PBXNativeTarget section */

/* Begin PBXProject section */
		A9FA1091206097E600AEB68F /* Project object */ = {
			isa = PBXProject;
			attributes = {
				LastSwiftUpdateCheck = 0920;
				LastUpgradeCheck = 0920;
				ORGANIZATIONNAME = "Vivian Aranha";
				TargetAttributes = {
					A9FA1098206097E600AEB68F = {
						CreatedOnToolsVersion = 9.2;
						ProvisioningStyle = Automatic;
					};
				};
			};
			buildConfigurationList = A9FA1094206097E600AEB68F /* Build configuration list for PBXProject "SixthProject" */;
			compatibilityVersion = "Xcode 8.0";
			developmentRegion = en;
			hasScannedForEncodings = 0;
			knownRegions = (
				en,
				Base,
			);
			mainGroup = A9FA1090206097E600AEB68F;
			productRefGroup = A9FA109A206097E600AEB68F /* Products */;
			projectDirPath = "";
			projectRoot = "";
			targets = (
				A9FA1098206097E600AEB68F /* SixthProject */,
			);
		};
/* End PBXProject section */

/* Begin PBXResourcesBuildPhase section */
		A9FA1097206097E600AEB68F /* Resources */ = {
			isa = PBXResourcesBuildPhase;
			buildActionMask = 2147483647;
			files = (
				A9FA10A7206097E600AEB68F /* LaunchScreen.storyboard in Resources */,
				A9FA10A4206097E600AEB68F /* Assets.xcassets in Resources */,
				A9FA10A2206097E600AEB68F /* Main.storyboard in Resources */,
			);
			runOnlyForDeploymentPostprocessing = 0;
		};
/* End PBXResourcesBuildPhase section */

/* Begin PBXSourcesBuildPhase section */
		A9FA1095206097E600AEB68F /* Sources */ = {
			isa = PBXSourcesBuildPhase;
			buildActionMask = 2147483647;
			files = (
				A9FA109F206097E600AEB68F /* ViewController.swift in Sources */,
				A9FA109D206097E600AEB68F /* AppDelegate.swift in Sources */,
			);
			runOnlyForDeploymentPostprocessing = 0;
		};
/* End PBXSourcesBuildPhase section */

/* Begin PBXVariantGroup section */
		A9FA10A0206097E600AEB68F /* Main.storyboard */ = {
			isa = PBXVariantGroup;
			children = (
				A9FA10A1206097E600AEB68F /* Base */,
			);
			name = Main.storyboard;
			sourceTree = "<group>";
		};
		A9FA10A5206097E600AEB68F /* LaunchScreen.storyboard */ = {
			isa = PBXVariantGroup;
			children = (
				A9FA10A6206097E600AEB68F /* Base */,
			);
			name = LaunchScreen.storyboard;
			sourceTree = "<group>";
		};
/* End PBXVariantGroup section */

/* Begin XCBuildConfiguration section */
		A9FA10A9206097E600AEB68F /* Debug */ = {
			isa = XCBuildConfiguration;
			buildSettings = {
				ALWAYS_SEARCH_USER_PATHS = NO;
				CLANG_ANALYZER_NONNULL = YES;
				CLANG_ANALYZER_NUMBER_OBJECT_CONVERSION = YES_AGGRESSIVE;
				CLANG_CXX_LANGUAGE_STANDARD = "gnu++14";
				CLANG_CXX_LIBRARY = "libc++";
				CLANG_ENABLE_MODULES = YES;
				CLANG_ENABLE_OBJC_ARC = YES;
				CLANG_WARN_BLOCK_CAPTURE_AUTORELEASING = YES;
				CLANG_WARN_BOOL_CONVERSION = YES;
				CLANG_WARN_COMMA = YES;
				CLANG_WARN_CONSTANT_CONVERSION = YES;
				CLANG_WARN_DIRECT_OBJC_ISA_USAGE = YES_ERROR;
				CLANG_WARN_DOCUMENTATION_COMMENTS = YES;
				CLANG_WARN_EMPTY_BODY = YES;
				CLANG_WARN_ENUM_CONVERSION = YES;
				CLANG_WARN_INFINITE_RECURSION = YES;
				CLANG_WARN_INT_CONVERSION = YES;
				CLANG_WARN_NON_LITERAL_NULL_CONVERSION = YES;
				CLANG_WARN_OBJC_LITERAL_CONVERSION = YES;
				CLANG_WARN_OBJC_ROOT_CLASS = YES_ERROR;
				CLANG_WARN_RANGE_LOOP_ANALYSIS = YES;
				CLANG_WARN_STRICT_PROTOTYPES = YES;
				CLANG_WARN_SUSPICIOUS_MOVE = YES;
				CLANG_WARN_UNGUARDED_AVAILABILITY = YES_AGGRESSIVE;
				CLANG_WARN_UNREACHABLE_CODE = YES;
				CLANG_WARN__DUPLICATE_METHOD_MATCH = YES;
				CODE_SIGN_IDENTITY = "iPhone Developer";
				COPY_PHASE_STRIP = NO;
				DEBUG_INFORMATION_FORMAT = dwarf;
				ENABLE_STRICT_OBJC_MSGSEND = YES;
				ENABLE_TESTABILITY = YES;
				GCC_C_LANGUAGE_STANDARD = gnu11;
				GCC_DYNAMIC_NO_PIC = NO;
				GCC_NO_COMMON_BLOCKS = YES;
				GCC_OPTIMIZATION_LEVEL = 0;
				GCC_PREPROCESSOR_DEFINITIONS = (
					"DEBUG=1",
					"$(inherited)",
				);
				GCC_WARN_64_TO_32_BIT_CONVERSION = YES;
				GCC_WARN_ABOUT_RETURN_TYPE = YES_ERROR;
				GCC_WARN_UNDECLARED_SELECTOR = YES;
				GCC_WARN_UNINITIALIZED_AUTOS = YES_AGGRESSIVE;
				GCC_WARN_UNUSED_FUNCTION = YES;
				GCC_WARN_UNUSED_VARIABLE = YES;
				IPHONEOS_DEPLOYMENT_TARGET = 11.2;
				MTL_ENABLE_DEBUG_INFO = YES;
				ONLY_ACTIVE_ARCH = YES;
				SDKROOT = iphoneos;
				SWIFT_ACTIVE_COMPILATION_CONDITIONS = DEBUG;
				SWIFT_OPTIMIZATION_LEVEL = "-Onone";
			};
			name = Debug;
		};
		A9FA10AA206097E600AEB68F /* Release */ = {
			isa = XCBuildConfiguration;
			buildSettings = {
				ALWAYS_SEARCH_USER_PATHS = NO;
				CLANG_ANALYZER_NONNULL = YES;
				CLANG_ANALYZER_NUMBER_OBJECT_CONVERSION = YES_AGGRESSIVE;
				CLANG_CXX_LANGUAGE_STANDARD = "gnu++14";
				CLANG_CXX_LIBRARY = "libc++";
				CLANG_ENABLE_MODULES = YES;
				CLANG_ENABLE_OBJC_ARC = YES;
				CLANG_WARN_BLOCK_CAPTURE_AUTORELEASING = YES;
				CLANG_WARN_BOOL_CONVERSION = YES;
				CLANG_WARN_COMMA = YES;
				CLANG_WARN_CONSTANT_CONVERSION = YES;
				CLANG_WARN_DIRECT_OBJC_ISA_USAGE = YES_ERROR;
				CLANG_WARN_DOCUMENTATION_COMMENTS = YES;
				CLANG_WARN_EMPTY_BODY = YES;
				CLANG_WARN_ENUM_CONVERSION = YES;
				CLANG_WARN_INFINITE_RECURSION = YES;
				CLANG_WARN_INT_CONVERSION = YES;
				CLANG_WARN_NON_LITERAL_NULL_CONVERSION = YES;
				CLANG_WARN_OBJC_LITERAL_CONVERSION = YES;
				CLANG_WARN_OBJC_ROOT_CLASS = YES_ERROR;
				CLANG_WARN_RANGE_LOOP_ANALYSIS = YES;
				CLANG_WARN_STRICT_PROTOTYPES = YES;
				CLANG_WARN_SUSPICIOUS_MOVE = YES;
				CLANG_WARN_UNGUARDED_AVAILABILITY = YES_AGGRESSIVE;
				CLANG_WARN_UNREACHABLE_CODE = YES;
				CLANG_WARN__DUPLICATE_METHOD_MATCH = YES;
				CODE_SIGN_IDENTITY = "iPhone Developer";
				COPY_PHASE_STRIP = NO;
				DEBUG_INFORMATION_FORMAT = "dwarf-with-dsym";
				ENABLE_NS_ASSERTIONS = NO;
				ENABLE_STRICT_OBJC_MSGSEND = YES;
				GCC_C_LANGUAGE_STANDARD = gnu11;
				GCC_NO_COMMON_BLOCKS = YES;
				GCC_WARN_64_TO_32_BIT_CONVERSION = YES;
				GCC_WARN_ABOUT_RETURN_TYPE = YES_ERROR;
				GCC_WARN_UNDECLARED_SELECTOR = YES;
				GCC_WARN_UNINITIALIZED_AUTOS = YES_AGGRESSIVE;
				GCC_WARN_UNUSED_FUNCTION = YES;
				GCC_WARN_UNUSED_VARIABLE = YES;
				IPHONEOS_DEPLOYMENT_TARGET = 11.2;
				MTL_ENABLE_DEBUG_INFO = NO;
				SDKROOT = iphoneos;
				SWIFT_OPTIMIZATION_LEVEL = "-Owholemodule";
				VALIDATE_PRODUCT = YES;
			};
			name = Release;
		};
		A9FA10AC206097E600AEB68F /* Debug */ = {
			isa = XCBuildConfiguration;
			buildSettings = {
				ASSETCATALOG_COMPILER_APPICON_NAME = AppIcon;
				CODE_SIGN_STYLE = Automatic;
				INFOPLIST_FILE = SixthProject/Info.plist;
				LD_RUNPATH_SEARCH_PATHS = "$(inherited) @executable_path/Frameworks";
				PRODUCT_BUNDLE_IDENTIFIER = com.vivianaranha.SixthProject;
				PRODUCT_NAME = "$(TARGET_NAME)";
				SWIFT_VERSION = 4.0;
				TARGETED_DEVICE_FAMILY = "1,2";
			};
			name = Debug;
		};
		A9FA10AD206097E600AEB68F /* Release */ = {
			isa = XCBuildConfiguration;
			buildSettings = {
				ASSETCATALOG_COMPILER_APPICON_NAME = AppIcon;
				CODE_SIGN_STYLE = Automatic;
				INFOPLIST_FILE = SixthProject/Info.plist;
				LD_RUNPATH_SEARCH_PATHS = "$(inherited) @executable_path/Frameworks";
				PRODUCT_BUNDLE_IDENTIFIER = com.vivianaranha.SixthProject;
				PRODUCT_NAME = "$(TARGET_NAME)";
				SWIFT_VERSION = 4.0;
				TARGETED_DEVICE_FAMILY = "1,2";
			};
			name = Release;
		};
/* End XCBuildConfiguration section */

/* Begin XCConfigurationList section */
		A9FA1094206097E600AEB68F /* Build configuration list for PBXProject "SixthProject" */ = {
			isa = XCConfigurationList;
			buildConfigurations = (
				A9FA10A9206097E600AEB68F /* Debug */,
				A9FA10AA206097E600AEB68F /* Release */,
			);
			defaultConfigurationIsVisible = 0;
			defaultConfigurationName = Release;
		};
		A9FA10AB206097E600AEB68F /* Build configuration list for PBXNativeTarget "SixthProject" */ = {
			isa = XCConfigurationList;
			buildConfigurations = (
				A9FA10AC206097E600AEB68F /* Debug */,
				A9FA10AD206097E600AEB68F /* Release */,
			);
			defaultConfigurationIsVisible = 0;
			defaultConfigurationName = Release;
		};
/* End XCConfigurationList section */
	};
	rootObject = A9FA1091206097E600AEB68F /* Project object */;
}
