// !$*UTF8*$!
{
	archiveVersion = 1;
	classes = {
	};
	objectVersion = 50;
	objects = {

/* Begin PBXBuildFile section */
		A97775ED206EEA7F00E6F9FE /* AppDelegate.swift in Sources */ = {isa = PBXBuildFile; fileRef = A97775EC206EEA7F00E6F9FE /* AppDelegate.swift */; };
		A97775EF206EEA7F00E6F9FE /* ViewController.swift in Sources */ = {isa = PBXBuildFile; fileRef = A97775EE206EEA7F00E6F9FE /* ViewController.swift */; };
		A97775F4206EEA7F00E6F9FE /* Assets.xcassets in Resources */ = {isa = PBXBuildFile; fileRef = A97775F3206EEA7F00E6F9FE /* Assets.xcassets */; };
		A97775F7206EEA7F00E6F9FE /* LaunchScreen.storyboard in Resources */ = {isa = PBXBuildFile; fileRef = A97775F5206EEA7F00E6F9FE /* LaunchScreen.storyboard */; };
		A9777600206EEA8900E6F9FE /* ankh.png in Resources */ = {isa = PBXBuildFile; fileRef = A97775FE206EEA8900E6F9FE /* ankh.png */; };
		A9777601206EEA8900E6F9FE /* circle.png in Resources */ = {isa = PBXBuildFile; fileRef = A97775FF206EEA8900E6F9FE /* circle.png */; };
/* End PBXBuildFile section */

/* Begin PBXFileReference section */
		A97775E9206EEA7F00E6F9FE /* TabsInSwift.app */ = {isa = PBXFileReference; explicitFileType = wrapper.application; includeInIndex = 0; path = TabsInSwift.app; sourceTree = BUILT_PRODUCTS_DIR; };
		A97775EC206EEA7F00E6F9FE /* AppDelegate.swift */ = {isa = PBXFileReference; lastKnownFileType = sourcecode.swift; path = AppDelegate.swift; sourceTree = "<group>"; };
		A97775EE206EEA7F00E6F9FE /* ViewController.swift */ = {isa = PBXFileReference; lastKnownFileType = sourcecode.swift; path = ViewController.swift; sourceTree = "<group>"; };
		A97775F3206EEA7F00E6F9FE /* Assets.xcassets */ = {isa = PBXFileReference; lastKnownFileType = folder.assetcatalog; path = Assets.xcassets; sourceTree = "<group>"; };
		A97775F6206EEA7F00E6F9FE /* Base */ = {isa = PBXFileReference; lastKnownFileType = file.storyboard; name = Base; path = Base.lproj/LaunchScreen.storyboard; sourceTree = "<group>"; };
		A97775F8206EEA7F00E6F9FE /* Info.plist */ = {isa = PBXFileReference; lastKnownFileType = text.plist.xml; path = Info.plist; sourceTree = "<group>"; };
		A97775FE206EEA8900E6F9FE /* ankh.png */ = {isa = PBXFileReference; lastKnownFileType = image.png; path = ankh.png; sourceTree = "<group>"; };
		A97775FF206EEA8900E6F9FE /* circle.png */ = {isa = PBXFileReference; lastKnownFileType = image.png; path = circle.png; sourceTree = "<group>"; };
/* End PBXFileReference section */

/* Begin PBXFrameworksBuildPhase section */
		A97775E6206EEA7F00E6F9FE /* Frameworks */ = {
			isa = PBXFrameworksBuildPhase;
			buildActionMask = 2147483647;
			files = (
			);
			runOnlyForDeploymentPostprocessing = 0;
		};
/* End PBXFrameworksBuildPhase section */

/* Begin PBXGroup section */
		A97775E0206EEA7F00E6F9FE = {
			isa = PBXGroup;
			children = (
				A97775EB206EEA7F00E6F9FE /* TabsInSwift */,
				A97775EA206EEA7F00E6F9FE /* Products */,
			);
			sourceTree = "<group>";
		};
		A97775EA206EEA7F00E6F9FE /* Products */ = {
			isa = PBXGroup;
			children = (
				A97775E9206EEA7F00E6F9FE /* TabsInSwift.app */,
			);
			name = Products;
			sourceTree = "<group>";
		};
		A97775EB206EEA7F00E6F9FE /* TabsInSwift */ = {
			isa = PBXGroup;
			children = (
				A97775EC206EEA7F00E6F9FE /* AppDelegate.swift */,
				A97775EE206EEA7F00E6F9FE /* ViewController.swift */,
				A97775F3206EEA7F00E6F9FE /* Assets.xcassets */,
				A97775F5206EEA7F00E6F9FE /* LaunchScreen.storyboard */,
				A97775F8206EEA7F00E6F9FE /* Info.plist */,
				A97775FE206EEA8900E6F9FE /* ankh.png */,
				A97775FF206EEA8900E6F9FE /* circle.png */,
			);
			path = TabsInSwift;
			sourceTree = "<group>";
		};
/* End PBXGroup section */

/* Begin PBXNativeTarget section */
		A97775E8206EEA7F00E6F9FE /* TabsInSwift */ = {
			isa = PBXNativeTarget;
			buildConfigurationList = A97775FB206EEA7F00E6F9FE /* Build configuration list for PBXNativeTarget "TabsInSwift" */;
			buildPhases = (
				A97775E5206EEA7F00E6F9FE /* Sources */,
				A97775E6206EEA7F00E6F9FE /* Frameworks */,
				A97775E7206EEA7F00E6F9FE /* Resources */,
			);
			buildRules = (
			);
			dependencies = (
			);
			name = TabsInSwift;
			productName = TabsInSwift;
			productReference = A97775E9206EEA7F00E6F9FE /* TabsInSwift.app */;
			productType = "com.apple.product-type.application";
		};
/* End PBXNativeTarget section */

/* Begin PBXProject section */
		A97775E1206EEA7F00E6F9FE /* Project object */ = {
			isa = PBXProject;
			attributes = {
				LastSwiftUpdateCheck = 0930;
				LastUpgradeCheck = 0930;
				ORGANIZATIONNAME = "Vivian Aranha";
				TargetAttributes = {
					A97775E8206EEA7F00E6F9FE = {
						CreatedOnToolsVersion = 9.3;
					};
				};
			};
			buildConfigurationList = A97775E4206EEA7F00E6F9FE /* Build configuration list for PBXProject "TabsInSwift" */;
			compatibilityVersion = "Xcode 9.3";
			developmentRegion = en;
			hasScannedForEncodings = 0;
			knownRegions = (
				en,
				Base,
			);
			mainGroup = A97775E0206EEA7F00E6F9FE;
			productRefGroup = A97775EA206EEA7F00E6F9FE /* Products */;
			projectDirPath = "";
			projectRoot = "";
			targets = (
				A97775E8206EEA7F00E6F9FE /* TabsInSwift */,
			);
		};
/* End PBXProject section */

/* Begin PBXResourcesBuildPhase section */
		A97775E7206EEA7F00E6F9FE /* Resources */ = {
			isa = PBXResourcesBuildPhase;
			buildActionMask = 2147483647;
			files = (
				A97775F7206EEA7F00E6F9FE /* LaunchScreen.storyboard in Resources */,
				A9777600206EEA8900E6F9FE /* ankh.png in Resources */,
				A9777601206EEA8900E6F9FE /* circle.png in Resources */,
				A97775F4206EEA7F00E6F9FE /* Assets.xcassets in Resources */,
			);
			runOnlyForDeploymentPostprocessing = 0;
		};
/* End PBXResourcesBuildPhase section */

/* Begin PBXSourcesBuildPhase section */
		A97775E5206EEA7F00E6F9FE /* Sources */ = {
			isa = PBXSourcesBuildPhase;
			buildActionMask = 2147483647;
			files = (
				A97775EF206EEA7F00E6F9FE /* ViewController.swift in Sources */,
				A97775ED206EEA7F00E6F9FE /* AppDelegate.swift in Sources */,
			);
			runOnlyForDeploymentPostprocessing = 0;
		};
/* End PBXSourcesBuildPhase section */

/* Begin PBXVariantGroup section */
		A97775F5206EEA7F00E6F9FE /* LaunchScreen.storyboard */ = {
			isa = PBXVariantGroup;
			children = (
				A97775F6206EEA7F00E6F9FE /* Base */,
			);
			name = LaunchScreen.storyboard;
			sourceTree = "<group>";
		};
/* End PBXVariantGroup section */

/* Begin XCBuildConfiguration section */
		A97775F9206EEA7F00E6F9FE /* Debug */ = {
			isa = XCBuildConfiguration;
			buildSettings = {
				ALWAYS_SEARCH_USER_PATHS = NO;
				CLANG_ANALYZER_NONNULL = YES;
				CLANG_ANALYZER_NUMBER_OBJECT_CONVERSION = YES_AGGRESSIVE;
				CLANG_CXX_LANGUAGE_STANDARD = "gnu++14";
				CLANG_CXX_LIBRARY = "libc++";
				CLANG_ENABLE_MODULES = YES;
				CLANG_ENABLE_OBJC_ARC = YES;
				CLANG_ENABLE_OBJC_WEAK = YES;
				CLANG_WARN_BLOCK_CAPTURE_AUTORELEASING = YES;
				CLANG_WARN_BOOL_CONVERSION = YES;
				CLANG_WARN_COMMA = YES;
				CLANG_WARN_CONSTANT_CONVERSION = YES;
				CLANG_WARN_DEPRECATED_OBJC_IMPLEMENTATIONS = YES;
				CLANG_WARN_DIRECT_OBJC_ISA_USAGE = YES_ERROR;
				CLANG_WARN_DOCUMENTATION_COMMENTS = YES;
				CLANG_WARN_EMPTY_BODY = YES;
				CLANG_WARN_ENUM_CONVERSION = YES;
				CLANG_WARN_INFINITE_RECURSION = YES;
				CLANG_WARN_INT_CONVERSION = YES;
				CLANG_WARN_NON_LITERAL_NULL_CONVERSION = YES;
				CLANG_WARN_OBJC_IMPLICIT_RETAIN_SELF = YES;
				CLANG_WARN_OBJC_LITERAL_CONVERSION = YES;
				CLANG_WARN_OBJC_ROOT_CLASS = YES_ERROR;
				CLANG_WARN_RANGE_LOOP_ANALYSIS = YES;
				CLANG_WARN_STRICT_PROTOTYPES = YES;
				CLANG_WARN_SUSPICIOUS_MOVE = YES;
				CLANG_WARN_UNGUARDED_AVAILABILITY = YES_AGGRESSIVE;
				CLANG_WARN_UNREACHABLE_CODE = YES;
				CLANG_WARN__DUPLICATE_METHOD_MATCH = YES;
				CODE_SIGN_IDENTITY = "iPhone Developer";
				COPY_PHASE_STRIP = NO;
				DEBUG_INFORMATION_FORMAT = dwarf;
				ENABLE_STRICT_OBJC_MSGSEND = YES;
				ENABLE_TESTABILITY = YES;
				GCC_C_LANGUAGE_STANDARD = gnu11;
				GCC_DYNAMIC_NO_PIC = NO;
				GCC_NO_COMMON_BLOCKS = YES;
				GCC_OPTIMIZATION_LEVEL = 0;
				GCC_PREPROCESSOR_DEFINITIONS = (
					"DEBUG=1",
					"$(inherited)",
				);
				GCC_WARN_64_TO_32_BIT_CONVERSION = YES;
				GCC_WARN_ABOUT_RETURN_TYPE = YES_ERROR;
				GCC_WARN_UNDECLARED_SELECTOR = YES;
				GCC_WARN_UNINITIALIZED_AUTOS = YES_AGGRESSIVE;
				GCC_WARN_UNUSED_FUNCTION = YES;
				GCC_WARN_UNUSED_VARIABLE = YES;
				IPHONEOS_DEPLOYMENT_TARGET = 11.3;
				MTL_ENABLE_DEBUG_INFO = YES;
				ONLY_ACTIVE_ARCH = YES;
				SDKROOT = iphoneos;
				SWIFT_ACTIVE_COMPILATION_CONDITIONS = DEBUG;
				SWIFT_OPTIMIZATION_LEVEL = "-Onone";
			};
			name = Debug;
		};
		A97775FA206EEA7F00E6F9FE /* Release */ = {
			isa = XCBuildConfiguration;
			buildSettings = {
				ALWAYS_SEARCH_USER_PATHS = NO;
				CLANG_ANALYZER_NONNULL = YES;
				CLANG_ANALYZER_NUMBER_OBJECT_CONVERSION = YES_AGGRESSIVE;
				CLANG_CXX_LANGUAGE_STANDARD = "gnu++14";
				CLANG_CXX_LIBRARY = "libc++";
				CLANG_ENABLE_MODULES = YES;
				CLANG_ENABLE_OBJC_ARC = YES;
				CLANG_ENABLE_OBJC_WEAK = YES;
				CLANG_WARN_BLOCK_CAPTURE_AUTORELEASING = YES;
				CLANG_WARN_BOOL_CONVERSION = YES;
				CLANG_WARN_COMMA = YES;
				CLANG_WARN_CONSTANT_CONVERSION = YES;
				CLANG_WARN_DEPRECATED_OBJC_IMPLEMENTATIONS = YES;
				CLANG_WARN_DIRECT_OBJC_ISA_USAGE = YES_ERROR;
				CLANG_WARN_DOCUMENTATION_COMMENTS = YES;
				CLANG_WARN_EMPTY_BODY = YES;
				CLANG_WARN_ENUM_CONVERSION = YES;
				CLANG_WARN_INFINITE_RECURSION = YES;
				CLANG_WARN_INT_CONVERSION = YES;
				CLANG_WARN_NON_LITERAL_NULL_CONVERSION = YES;
				CLANG_WARN_OBJC_IMPLICIT_RETAIN_SELF = YES;
				CLANG_WARN_OBJC_LITERAL_CONVERSION = YES;
				CLANG_WARN_OBJC_ROOT_CLASS = YES_ERROR;
				CLANG_WARN_RANGE_LOOP_ANALYSIS = YES;
				CLANG_WARN_STRICT_PROTOTYPES = YES;
				CLANG_WARN_SUSPICIOUS_MOVE = YES;
				CLANG_WARN_UNGUARDED_AVAILABILITY = YES_AGGRESSIVE;
				CLANG_WARN_UNREACHABLE_CODE = YES;
				CLANG_WARN__DUPLICATE_METHOD_MATCH = YES;
				CODE_SIGN_IDENTITY = "iPhone Developer";
				COPY_PHASE_STRIP = NO;
				DEBUG_INFORMATION_FORMAT = "dwarf-with-dsym";
				ENABLE_NS_ASSERTIONS = NO;
				ENABLE_STRICT_OBJC_MSGSEND = YES;
				GCC_C_LANGUAGE_STANDARD = gnu11;
				GCC_NO_COMMON_BLOCKS = YES;
				GCC_WARN_64_TO_32_BIT_CONVERSION = YES;
				GCC_WARN_ABOUT_RETURN_TYPE = YES_ERROR;
				GCC_WARN_UNDECLARED_SELECTOR = YES;
				GCC_WARN_UNINITIALIZED_AUTOS = YES_AGGRESSIVE;
				GCC_WARN_UNUSED_FUNCTION = YES;
				GCC_WARN_UNUSED_VARIABLE = YES;
				IPHONEOS_DEPLOYMENT_TARGET = 11.3;
				MTL_ENABLE_DEBUG_INFO = NO;
				SDKROOT = iphoneos;
				SWIFT_COMPILATION_MODE = wholemodule;
				SWIFT_OPTIMIZATION_LEVEL = "-O";
				VALIDATE_PRODUCT = YES;
			};
			name = Release;
		};
		A97775FC206EEA7F00E6F9FE /* Debug */ = {
			isa = XCBuildConfiguration;
			buildSettings = {
				ASSETCATALOG_COMPILER_APPICON_NAME = AppIcon;
				CODE_SIGN_STYLE = Automatic;
				INFOPLIST_FILE = TabsInSwift/Info.plist;
				LD_RUNPATH_SEARCH_PATHS = (
					"$(inherited)",
					"@executable_path/Frameworks",
				);
				PRODUCT_BUNDLE_IDENTIFIER = com.vivianaranha.TabsInSwift;
				PRODUCT_NAME = "$(TARGET_NAME)";
				SWIFT_VERSION = 4.0;
				TARGETED_DEVICE_FAMILY = "1,2";
			};
			name = Debug;
		};
		A97775FD206EEA7F00E6F9FE /* Release */ = {
			isa = XCBuildConfiguration;
			buildSettings = {
				ASSETCATALOG_COMPILER_APPICON_NAME = AppIcon;
				CODE_SIGN_STYLE = Automatic;
				INFOPLIST_FILE = TabsInSwift/Info.plist;
				LD_RUNPATH_SEARCH_PATHS = (
					"$(inherited)",
					"@executable_path/Frameworks",
				);
				PRODUCT_BUNDLE_IDENTIFIER = com.vivianaranha.TabsInSwift;
				PRODUCT_NAME = "$(TARGET_NAME)";
				SWIFT_VERSION = 4.0;
				TARGETED_DEVICE_FAMILY = "1,2";
			};
			name = Release;
		};
/* End XCBuildConfiguration section */

/* Begin XCConfigurationList section */
		A97775E4206EEA7F00E6F9FE /* Build configuration list for PBXProject "TabsInSwift" */ = {
			isa = XCConfigurationList;
			buildConfigurations = (
				A97775F9206EEA7F00E6F9FE /* Debug */,
				A97775FA206EEA7F00E6F9FE /* Release */,
			);
			defaultConfigurationIsVisible = 0;
			defaultConfigurationName = Release;
		};
		A97775FB206EEA7F00E6F9FE /* Build configuration list for PBXNativeTarget "TabsInSwift" */ = {
			isa = XCConfigurationList;
			buildConfigurations = (
				A97775FC206EEA7F00E6F9FE /* Debug */,
				A97775FD206EEA7F00E6F9FE /* Release */,
			);
			defaultConfigurationIsVisible = 0;
			defaultConfigurationName = Release;
		};
/* End XCConfigurationList section */
	};
	rootObject = A97775E1206EEA7F00E6F9FE /* Project object */;
}
